
Microsoft Visual Studio Solution File, Format Version 12.00
# Visual Studio Version 17
VisualStudioVersion = 17.10.35122.118
MinimumVisualStudioVersion = 10.0.40219.1
Project("{2150E333-8FDC-42A3-9474-1A3956D46DE8}") = "Ders1", "Ders1", "{8AF8BC4E-9FD8-43F7-B441-A978854D2DB9}"
EndProject
Project("{9A19103F-16F7-4668-BE54-9A1E7A4F7556}") = "Introduction", "Ders1\Introduction\Introduction.csproj", "{D40E59A6-29AE-41C9-9294-12B6F44CF031}"
EndProject
Project("{2150E333-8FDC-42A3-9474-1A3956D46DE8}") = "Ders2", "Ders2", "{1A66C721-8CE8-4C5E-8CA8-329DD5E36013}"
EndProject
Project("{9A19103F-16F7-4668-BE54-9A1E7A4F7556}") = "FamiliarCSharp", "Ders2\Introduction\FamiliarCSharp\FamiliarCSharp.csproj", "{B9BD24CD-13B4-4E84-B371-FEA6223421E7}"
EndProject
Project("{2150E333-8FDC-42A3-9474-1A3956D46DE8}") = "Ders3", "Ders3", "{C2A001A5-B841-4596-B48D-85E7F19BE00C}"
EndProject
Project("{9A19103F-16F7-4668-BE54-9A1E7A4F7556}") = "DistinceCsharp", "Ders3\DistinceCsharp\DistinceCsharp.csproj", "{310CA45E-C277-4B5E-AB52-39D5868D11A0}"
EndProject
Project("{2150E333-8FDC-42A3-9474-1A3956D46DE8}") = "Ders4", "Ders4", "{B3ABD8B7-1FB0-4D8F-89A5-6415B5C9CCAE}"
EndProject
Project("{9A19103F-16F7-4668-BE54-9A1E7A4F7556}") = "ExploreIntegerMath", "Ders4\ExploreIntegerMath\ExploreIntegerMath.csproj", "{68B41E1E-0FEF-4601-8518-FCDC16DBC45B}"
EndProject
Project("{2150E333-8FDC-42A3-9474-1A3956D46DE8}") = "Ders5", "Ders5", "{D2D7CAD5-872F-427E-B0ED-E3DFD85D85DE}"
EndProject
Project("{9A19103F-16F7-4668-BE54-9A1E7A4F7556}") = "ExploreIntegerPrecisionAndLimits", "Ders5\ExploreIntegerPrecisionAndLimits\ExploreIntegerPrecisionAndLimits.csproj", "{78C22F04-BD9E-4ECB-BF02-7D78BCF068B5}"
EndProject
Project("{2150E333-8FDC-42A3-9474-1A3956D46DE8}") = "Ders6", "Ders6", "{C332D98C-1FC8-4ED0-B93C-2CBF213F1BC6}"
EndProject
Project("{9A19103F-16F7-4668-BE54-9A1E7A4F7556}") = "NameSpaces", "Ders6\NameSpacesClasses\NameSpaces.csproj", "{0260BD6C-E829-45A3-AD6D-250B15373FC0}"
EndProject
Project("{2150E333-8FDC-42A3-9474-1A3956D46DE8}") = "Ders7", "Ders7", "{29606725-7E77-470C-B9F4-5A028B193DDF}"
EndProject
Project("{9A19103F-16F7-4668-BE54-9A1E7A4F7556}") = "IfElse", "Ders7\IfElse\IfElse.csproj", "{B8685FBE-B7E1-4D4E-A51A-96A67FA73944}"
EndProject
Project("{2150E333-8FDC-42A3-9474-1A3956D46DE8}") = "Ders8", "Ders8", "{D5F962C2-6F53-4181-A051-AFC9A795C407}"
EndProject
Project("{9A19103F-16F7-4668-BE54-9A1E7A4F7556}") = "While", "Ders8\While\While.csproj", "{FA40C8E0-EFD9-48D8-8003-358FF51F8DD1}"
EndProject
Project("{2150E333-8FDC-42A3-9474-1A3956D46DE8}") = "Ders9", "Ders9", "{ACD95996-087A-4558-94B4-62BE40829780}"
EndProject
Project("{9A19103F-16F7-4668-BE54-9A1E7A4F7556}") = "ForLoop", "Ders9\ForLoop\ForLoop.csproj", "{6AF004E6-C3B4-40DE-9343-CF0B1964E9BF}"
EndProject
Project("{2150E333-8FDC-42A3-9474-1A3956D46DE8}") = "Ders10", "Ders10", "{DD20BEDC-E393-4FEB-A7D8-21A71D83EF51}"
EndProject
Project("{9A19103F-16F7-4668-BE54-9A1E7A4F7556}") = "ListT", "Ders10\ListT\ListT.csproj", "{5306D626-E6DE-4D1E-B623-D4A5B0E3519F}"
EndProject
Project("{2150E333-8FDC-42A3-9474-1A3956D46DE8}") = "Ders11", "Ders11", "{4ABBE7C9-9DFD-4CE3-A845-EA87158206BD}"
EndProject
Project("{9A19103F-16F7-4668-BE54-9A1E7A4F7556}") = "SearchAndShortList", "Ders11\SearchAndShortList\SearchAndShortList.csproj", "{C4B774BD-65CD-4B65-A6BF-E9BA34E0112D}"
EndProject
Project("{2150E333-8FDC-42A3-9474-1A3956D46DE8}") = "Ders12", "Ders12", "{0F686AE1-6234-4C60-9ED3-3D0C059C6FBA}"
EndProject
Project("{9A19103F-16F7-4668-BE54-9A1E7A4F7556}") = "GeneralStructure", "Ders12\GeneralStructure\GeneralStructure.csproj", "{4A899F2F-BDF5-4807-A521-82314C806D36}"
EndProject
Project("{2150E333-8FDC-42A3-9474-1A3956D46DE8}") = "Ders13", "Ders13", "{8C1EFD4F-361D-42EC-A868-15E1946F698D}"
EndProject
Project("{9A19103F-16F7-4668-BE54-9A1E7A4F7556}") = "MainMethod", "Ders13\MainMethod\MainMethod.csproj", "{86EC5575-B332-4715-99F3-391E2C07C3C3}"
EndProject
Project("{2150E333-8FDC-42A3-9474-1A3956D46DE8}") = "Ders14", "Ders14", "{A5C8D8FC-7463-4668-9FCB-7766AA78CC0C}"
EndProject
Project("{9A19103F-16F7-4668-BE54-9A1E7A4F7556}") = "C#TypeSystem", "Ders14\C#TypeSystem\C#TypeSystem.csproj", "{33C92CBB-3D51-4914-AFF4-C75615AA16DF}"
EndProject
Project("{2150E333-8FDC-42A3-9474-1A3956D46DE8}") = "Ders15", "Ders15", "{22348FA7-EAA0-4DAA-AFF8-AD8B84C7D0FA}"
EndProject
Project("{9A19103F-16F7-4668-BE54-9A1E7A4F7556}") = "UsingDirectives", "Ders15\UsingDirectives\UsingDirectives.csproj", "{8B2E4A79-9722-4A31-9BC9-25065360671A}"
EndProject
Project("{9A19103F-16F7-4668-BE54-9A1E7A4F7556}") = "Hashing", "Ders15\Hashing\Hashing.csproj", "{8E3C559A-7FFC-4258-94A7-CEA2899DEB90}"
EndProject
Project("{2150E333-8FDC-42A3-9474-1A3956D46DE8}") = "Ders16", "Ders16", "{0430FBEA-46F1-419F-8B39-19A0171361EE}"
EndProject
Project("{9A19103F-16F7-4668-BE54-9A1E7A4F7556}") = "CustomTypes", "Ders16\CustomTypes\CustomTypes.csproj", "{2F3E3673-2D9D-45F8-946A-9F5DC8CA4756}"
EndProject
Project("{2150E333-8FDC-42A3-9474-1A3956D46DE8}") = "Ders17", "Ders17", "{F182B891-4EE2-4995-A8AF-61F4ABA85E8A}"
EndProject
Project("{9A19103F-16F7-4668-BE54-9A1E7A4F7556}") = "CommonTypeSystem", "Ders17\CommonTypeSystem\CommonTypeSystem.csproj", "{E9E48E5D-C54B-404D-A865-2CAD06666E52}"
EndProject
Project("{2150E333-8FDC-42A3-9474-1A3956D46DE8}") = "Ders18", "Ders18", "{D3D5F53D-6501-43A1-84CE-551565FCB08B}"
EndProject
Project("{9A19103F-16F7-4668-BE54-9A1E7A4F7556}") = "Varible", "Ders18\Varible\Varible.csproj", "{E738E966-ECCC-47EE-B11A-8892C7194796}"
EndProject
Project("{2150E333-8FDC-42A3-9474-1A3956D46DE8}") = "Ders19", "Ders19", "{06D0F42E-68D3-49E8-9326-381D5BA3F1B4}"
EndProject
Project("{9A19103F-16F7-4668-BE54-9A1E7A4F7556}") = "ValueTypes", "Ders19\ValueTypes\ValueTypes.csproj", "{F3EB64E3-C1D7-4092-A4B5-C77F5EC4D495}"
EndProject
Project("{2150E333-8FDC-42A3-9474-1A3956D46DE8}") = "Ders20", "Ders20", "{925C5685-86C9-477C-AE82-FBA9C61E7193}"
EndProject
Project("{9A19103F-16F7-4668-BE54-9A1E7A4F7556}") = "ReferanceType", "Ders20\ReferanceType\ReferanceType.csproj", "{C25C93A5-5564-4852-A352-9186749F426F}"
EndProject
Project("{2150E333-8FDC-42A3-9474-1A3956D46DE8}") = "Ders21", "Ders21", "{3B236E53-0837-4A41-805C-98F0734F450E}"
EndProject
Project("{9A19103F-16F7-4668-BE54-9A1E7A4F7556}") = "GenericTypes", "Ders21\GenericTypes\GenericTypes.csproj", "{67E814A0-2B89-4DE6-890F-939816B361ED}"
EndProject
Project("{2150E333-8FDC-42A3-9474-1A3956D46DE8}") = "Ders22", "Ders22", "{4C40C65C-5429-420E-95AB-C873033049C5}"
EndProject
Project("{9A19103F-16F7-4668-BE54-9A1E7A4F7556}") = "ImplicitlyTypedVariables", "Ders22\ImplicitlyTypedVariables\ImplicitlyTypedVariables.csproj", "{9A76C337-F4EB-49DF-A970-F4EE1CC9BBD0}"
EndProject
Project("{2150E333-8FDC-42A3-9474-1A3956D46DE8}") = "Ders23", "Ders23", "{AF83DB6D-929D-43FF-AD14-846BB8A23E12}"
EndProject
Project("{9A19103F-16F7-4668-BE54-9A1E7A4F7556}") = "RunAndCompileTimeType", "Ders23\RunAndCompileTimeType\RunAndCompileTimeType.csproj", "{76021AAE-3999-41E5-A53B-D90D4E597490}"
EndProject
Project("{2150E333-8FDC-42A3-9474-1A3956D46DE8}") = "Ders24", "Ders24", "{CB756FA3-EB2E-48C3-BC36-DDA7F786B71F}"
EndProject
Project("{9A19103F-16F7-4668-BE54-9A1E7A4F7556}") = "IntroductionToClass", "Ders24\IntroductionToClass\IntroductionToClass.csproj", "{7175DE76-7FBE-4AB3-804D-37A2F790B83B}"
EndProject
Project("{2150E333-8FDC-42A3-9474-1A3956D46DE8}") = "Ders25", "Ders25", "{12BF55FF-3A2F-4CAE-82DF-7B3E9BCA42AC}"
EndProject
Project("{9A19103F-16F7-4668-BE54-9A1E7A4F7556}") = "DeclaringClasses", "Ders25\DeclaringClasses\DeclaringClasses.csproj", "{57F3A4F1-4976-4B0E-9C0A-33AF48751EB7}"
EndProject
Project("{2150E333-8FDC-42A3-9474-1A3956D46DE8}") = "Ders26", "Ders26", "{F33B5E27-9541-4C4B-80F7-AF4EDC96C28A}"
EndProject
Project("{9A19103F-16F7-4668-BE54-9A1E7A4F7556}") = "CreatingObjects", "Ders26\CreatingObjects\CreatingObjects.csproj", "{C9893B3B-B701-41FC-8F8D-DB2482899FD3}"
EndProject
Project("{2150E333-8FDC-42A3-9474-1A3956D46DE8}") = "Ders27", "Ders27", "{B75862E5-5F3C-4D54-AEE3-5093F05E4E8C}"
EndProject
Project("{9A19103F-16F7-4668-BE54-9A1E7A4F7556}") = "ConstructorsAndInitialization", "Ders27\ConstructorsAndInitialization\ConstructorsAndInitialization.csproj", "{B1A9E0DE-94F1-4DAF-9752-8127A8FC1871}"
EndProject
Project("{2150E333-8FDC-42A3-9474-1A3956D46DE8}") = "Ders28", "Ders28", "{A5FE4F0C-4C6E-422B-840C-43DE3DDC6359}"
EndProject
Project("{9A19103F-16F7-4668-BE54-9A1E7A4F7556}") = "ClassInheritance", "Ders28\ClassInheritance\ClassInheritance.csproj", "{AE993B97-342B-441D-98E2-60726E205259}"
EndProject
Project("{2150E333-8FDC-42A3-9474-1A3956D46DE8}") = "Ders29", "Ders29", "{EBA05A98-CB1C-411A-B19E-96EACCA7BB91}"
EndProject
Project("{9A19103F-16F7-4668-BE54-9A1E7A4F7556}") = "ClassInheritancePart2", "Ders29\ClassInheritancePart2\ClassInheritancePart2.csproj", "{C3C35BA9-3B2D-4124-8903-4F59D87376F2}"
EndProject
Project("{2150E333-8FDC-42A3-9474-1A3956D46DE8}") = "Ders30", "Ders30", "{81EFBBFD-E0D6-4807-B37F-D9249FAD5CC1}"
EndProject
Project("{9A19103F-16F7-4668-BE54-9A1E7A4F7556}") = "RecordClass", "Ders30\RecordClass\RecordClass.csproj", "{98ED829F-32E8-4C8B-B0C5-69D1F3746EEF}"
EndProject
Project("{2150E333-8FDC-42A3-9474-1A3956D46DE8}") = "Ders31", "Ders31", "{C9E661DE-D0BE-425F-999F-9043176F2491}"
EndProject
Project("{9A19103F-16F7-4668-BE54-9A1E7A4F7556}") = "Example1", "Ders31\Example1\Example1.csproj", "{A9B03CBB-F667-47B6-8010-FB0745794FB4}"
EndProject
Project("{2150E333-8FDC-42A3-9474-1A3956D46DE8}") = "Ders32", "Ders32", "{18005998-CB11-433F-9963-EC1D0A75AC14}"
EndProject
Project("{9A19103F-16F7-4668-BE54-9A1E7A4F7556}") = "RecordPart2ValueEqulity", "Ders32\RecordPart2ValueEqulity\RecordPart2ValueEqulity.csproj", "{34F70591-43C3-43F0-8307-6D224FD09F96}"
EndProject
Project("{2150E333-8FDC-42A3-9474-1A3956D46DE8}") = "Ders33", "Ders33", "{FCE3A899-8DBA-4806-80DD-4C477CE10F7A}"
EndProject
Project("{9A19103F-16F7-4668-BE54-9A1E7A4F7556}") = "Polymorphism", "Ders33\Polymorphism\Polymorphism.csproj", "{BA1DA5A7-DE15-4B2D-8780-039E9D7A445E}"
EndProject
Project("{2150E333-8FDC-42A3-9474-1A3956D46DE8}") = "Ders34", "Ders34", "{844EAC2D-14A3-49E2-8C7A-62D7E0323199}"
EndProject
Project("{9A19103F-16F7-4668-BE54-9A1E7A4F7556}") = "HideBaseClassMembersWithNewMembers", "Ders34\HideBaseClassMembersWithNewMembers\HideBaseClassMembersWithNewMembers.csproj", "{9CC0A69C-2609-4BAD-BC00-8EDBB0B4476A}"
EndProject
Project("{2150E333-8FDC-42A3-9474-1A3956D46DE8}") = "Ders35", "Ders35", "{0A4E5167-DFF2-4C61-BC70-69A1A7AE1E99}"
EndProject
Project("{9A19103F-16F7-4668-BE54-9A1E7A4F7556}") = "PatternMatching", "Ders35\PatternMatching\PatternMatching.csproj", "{68160030-C819-4992-A01B-57613CBF0615}"
EndProject
Project("{2150E333-8FDC-42A3-9474-1A3956D46DE8}") = "Ders36", "Ders36", "{1E340D18-7917-4CF7-8F7E-B2C8D87F6510}"
EndProject
Project("{FAE04EC0-301F-11D3-BF4B-00C04F79EFBC}") = "NullCheck", "Ders36\NullCheck\NullCheck.csproj", "{8AA4A43F-08A7-4488-A1FB-8610B32F29CE}"
EndProject
Project("{2150E333-8FDC-42A3-9474-1A3956D46DE8}") = "Ders37", "Ders37", "{02EA681E-C7D8-13C7-8484-4AC65E1B71E8}"
EndProject
Project("{FAE04EC0-301F-11D3-BF4B-00C04F79EFBC}") = "TypeControlTest", "Ders37\TypeControlTest\TypeControlTest.csproj", "{C68F70E9-263C-4703-B8DA-872D46E37056}"
EndProject
Project("{2150E333-8FDC-42A3-9474-1A3956D46DE8}") = "Ders38", "Ders38", "{1859B388-A863-448C-BFCF-E01011402705}"
EndProject
Project("{FAE04EC0-301F-11D3-BF4B-00C04F79EFBC}") = "CompareDiscreteValues", "Ders38\CompareDiscreteValues\CompareDiscreteValues.csproj", "{47F306D7-34FC-48D1-9DA9-7A20B6475B0F}"
EndProject
Project("{2150E333-8FDC-42A3-9474-1A3956D46DE8}") = "Ders39", "Ders39", "{A5C77087-621A-4758-B0FE-A0BFEAE8B294}"
EndProject
Project("{FAE04EC0-301F-11D3-BF4B-00C04F79EFBC}") = "SwitcCaseExample", "Ders39\SwitcCaseExample\SwitcCaseExample.csproj", "{8A791D03-5790-4D50-B6AF-3A77FA832D2E}"
EndProject
Project("{2150E333-8FDC-42A3-9474-1A3956D46DE8}") = "Ders40", "Ders40", "{7F9D2CB2-394B-4F31-9F14-BA4D5D76A66E}"
EndProject
Project("{FAE04EC0-301F-11D3-BF4B-00C04F79EFBC}") = "PatternMatching2", "Ders40\PatternMatching2\PatternMatching2.csproj", "{E88E9652-A7E9-4BB0-BA60-A759996DDB95}"
EndProject
Project("{2150E333-8FDC-42A3-9474-1A3956D46DE8}") = "Ders41", "Ders41", "{884B73A2-2718-400C-AE77-6CBF38338927}"
EndProject
Project("{FAE04EC0-301F-11D3-BF4B-00C04F79EFBC}") = "MultipleInputs", "Ders41\MultipleImputs\MultipleInputs.csproj", "{3DD3317F-9544-4C09-A4E8-4C7C2FB48F77}"
EndProject
Project("{2150E333-8FDC-42A3-9474-1A3956D46DE8}") = "Ders42", "Ders42", "{7FB62C7C-F421-4863-A8FE-534D6FD7EB17}"
EndProject
Project("{FAE04EC0-301F-11D3-BF4B-00C04F79EFBC}") = "Record(PositionalPattern)", "Ders42\Record(PositionalPattern)\Record(PositionalPattern).csproj", "{618DFB7B-6194-46C6-8549-76852BDEA138}"
EndProject
Project("{2150E333-8FDC-42A3-9474-1A3956D46DE8}") = "Ders43", "Ders43", "{EB0D6878-623E-4947-9E57-D739D839CB24}"
EndProject
Project("{FAE04EC0-301F-11D3-BF4B-00C04F79EFBC}") = "PartialClass", "Ders43\PartialClass\PartialClass.csproj", "{DAB9B0CF-8B6C-4493-92FC-00716B2BAB22}"
EndProject
Project("{2150E333-8FDC-42A3-9474-1A3956D46DE8}") = "Ders44", "Ders44", "{1D7B71C2-E6E3-4346-B83B-98D1AF5675BD}"
EndProject
Project("{FAE04EC0-301F-11D3-BF4B-00C04F79EFBC}") = "PartialMember", "Ders44\PartialMember\PartialMember.csproj", "{88643A31-56B4-43F3-AE03-3014D4C6238E}"
EndProject
Project("{2150E333-8FDC-42A3-9474-1A3956D46DE8}") = "Ders45", "Ders45", "{26B477F9-4D34-43AA-9589-1118DA40F0AF}"
EndProject
Project("{FAE04EC0-301F-11D3-BF4B-00C04F79EFBC}") = "PartialMethod", "Ders45\PartialMethod\PartialMethod.csproj", "{B6F81987-C2D9-47FD-B345-D79819118C35}"
EndProject
Project("{2150E333-8FDC-42A3-9474-1A3956D46DE8}") = "Ders46", "Ders46", "{218AD571-064D-4486-8024-F42FB7C81A6F}"
EndProject
Project("{FAE04EC0-301F-11D3-BF4B-00C04F79EFBC}") = "NestedTypes", "Ders46\NestedTypes\NestedTypes.csproj", "{A76B8D50-F1FB-4275-B99E-787FAD9BEF27}"
EndProject
Project("{2150E333-8FDC-42A3-9474-1A3956D46DE8}") = "Ders47", "Ders47", "{3A0271D3-EE7D-4709-8C95-9CE02E35A2FE}"
EndProject
Project("{FAE04EC0-301F-11D3-BF4B-00C04F79EFBC}") = "NestedTypeAccessModifier", "Ders47\NestedTypeAccessModifier\NestedTypeAccessModifier.csproj", "{FA4B65EE-B300-4D0A-A2FF-DE8E11F7FD8B}"
EndProject
Project("{2150E333-8FDC-42A3-9474-1A3956D46DE8}") = "Ders48", "Ders48", "{CD8F811A-21EC-41C4-B429-A214EC92BCA5}"
EndProject
Project("{FAE04EC0-301F-11D3-BF4B-00C04F79EFBC}") = "FullyQualifiyedName", "Ders48\FullyQualifiyedName\FullyQualifiyedName.csproj", "{6FB2B6B6-6A7C-441C-965E-BF549AD9D91B}"
EndProject
Project("{2150E333-8FDC-42A3-9474-1A3956D46DE8}") = "Ders49", "Ders49", "{FFA841D0-A0CB-455E-890B-3630754C618B}"
EndProject
Project("{FAE04EC0-301F-11D3-BF4B-00C04F79EFBC}") = "GenericUseInNestedType", "Ders49\GenericUseInNestedType\GenericUseInNestedType.csproj", "{0612CE5C-1B41-4427-AE43-5E25938A0694}"
EndProject
Project("{2150E333-8FDC-42A3-9474-1A3956D46DE8}") = "Ders50", "Ders50", "{06A03A01-AAE1-4B3D-A474-5BCF22B6F737}"
EndProject
Project("{FAE04EC0-301F-11D3-BF4B-00C04F79EFBC}") = "ObjectInitializer", "Ders50\ObjectInitializer\ObjectInitializer.csproj", "{DC45029E-01E8-49D5-A89E-57453757E4C1}"
EndProject
Project("{2150E333-8FDC-42A3-9474-1A3956D46DE8}") = "Ders51", "Ders51", "{C7AE7417-E722-41FD-B70A-BF3FBA1F9716}"
EndProject
Project("{FAE04EC0-301F-11D3-BF4B-00C04F79EFBC}") = "ObjectInitializerPropertyInitializerIndexInitializer", "Ders51\ObjectInitializerPropertyInitializerIndexInitializer\ObjectInitializerPropertyInitializerIndexInitializer.csproj", "{826A69E2-AC4A-4B0E-8BAD-FE774D344406}"
EndProject
Project("{2150E333-8FDC-42A3-9474-1A3956D46DE8}") = "Ders52", "Ders52", "{DC7496A3-85F8-4A20-A174-B9A5CB4C1A64}"
EndProject
Project("{FAE04EC0-301F-11D3-BF4B-00C04F79EFBC}") = "IndexInitializer", "Ders52\IndexInitializer\IndexInitializer.csproj", "{CDCF56FC-7F22-4A0F-8F0E-2DF211118502}"
EndProject
Project("{2150E333-8FDC-42A3-9474-1A3956D46DE8}") = "Ders53", "Ders53", "{D07986F8-C971-4823-8FD7-7A9594659CF0}"
EndProject
Project("{FAE04EC0-301F-11D3-BF4B-00C04F79EFBC}") = "ConstructorPropertyInitializer", "Ders53\ConstructorPropertyInitializer\ConstructorPropertyInitializer.csproj", "{16B4D79D-BF68-4536-B335-001050E1C391}"
EndProject
Project("{2150E333-8FDC-42A3-9474-1A3956D46DE8}") = "Ders54", "Ders54", "{EB60A069-2A59-4CCC-8DE0-D1469ECF7846}"
EndProject
Project("{FAE04EC0-301F-11D3-BF4B-00C04F79EFBC}") = "ObjectInitializerWithoutNewKeyword", "Ders54\ObjectInitializerWithoutNewKeyword\ObjectInitializerWithoutNewKeyword.csproj", "{7BA1C023-3A62-4CAB-AB79-B57740599759}"
EndProject
Project("{2150E333-8FDC-42A3-9474-1A3956D46DE8}") = "Ders55", "Ders55", "{F51CC8B6-D109-4A5E-9892-E4823B91D07D}"
EndProject
Project("{FAE04EC0-301F-11D3-BF4B-00C04F79EFBC}") = "DictionaryWithCollectionInitializer", "Ders55\DictionaryWithCollectionInitializer\DictionaryWithCollectionInitializer.csproj", "{BAAD89B8-A114-4044-9EB6-0DD4FA0283F8}"
EndProject
Project("{2150E333-8FDC-42A3-9474-1A3956D46DE8}") = "Ders56", "Ders56", "{9FCA8E3D-8EBD-43CA-AED5-C55C258759A1}"
EndProject
Project("{FAE04EC0-301F-11D3-BF4B-00C04F79EFBC}") = "Projects", "Ders56\Projects\Projects.csproj", "{82B23A80-CDDD-4241-9E01-A2F27B5F2B5B}"
EndProject
Project("{2150E333-8FDC-42A3-9474-1A3956D46DE8}") = "Ders57", "Ders57", "{7F5A02CD-A949-48C4-9F86-8508C267EB4F}"
EndProject
Project("{FAE04EC0-301F-11D3-BF4B-00C04F79EFBC}") = "DictionaryInitializer", "Ders57\DictionaryInitializer\DictionaryInitializer.csproj", "{D9913E9D-A360-4ABD-AA8D-BC66FD304938}"
EndProject
Project("{2150E333-8FDC-42A3-9474-1A3956D46DE8}") = "Ders58", "Ders58", "{4975B02C-0919-40AE-A3C9-422D65E32555}"
EndProject
Project("{FAE04EC0-301F-11D3-BF4B-00C04F79EFBC}") = "AIToInitializerADictionary", "AIToInitializerADictionary\AIToInitializerADictionary.csproj", "{9E469EA8-CBB9-44DF-9F17-2449FCE5AC37}"
EndProject
Project("{2150E333-8FDC-42A3-9474-1A3956D46DE8}") = "Ders59", "Ders59", "{45651C35-4B6A-4DEF-B740-67610093A0BF}"
EndProject
Project("{FAE04EC0-301F-11D3-BF4B-00C04F79EFBC}") = "DiffirentFromClassesAndStruct", "Ders59\DiffirentFromClassesAndStruct\DiffirentFromClassesAndStruct.csproj", "{911590B1-6A5F-4D03-8432-0410F9049DE0}"
EndProject
Project("{2150E333-8FDC-42A3-9474-1A3956D46DE8}") = "Ders60", "Ders60", "{5926A610-A2C5-43B0-A37D-8C78C328758F}"
EndProject
Project("{FAE04EC0-301F-11D3-BF4B-00C04F79EFBC}") = "StaticClass", "Ders60\StaticClass\StaticClass.csproj", "{95A0D2F8-3B9B-4E73-A877-1A876610452D}"
EndProject
Global
	GlobalSection(SolutionConfigurationPlatforms) = preSolution
		Debug|Any CPU = Debug|Any CPU
		Release|Any CPU = Release|Any CPU
	EndGlobalSection
	GlobalSection(ProjectConfigurationPlatforms) = postSolution
		{D40E59A6-29AE-41C9-9294-12B6F44CF031}.Debug|Any CPU.ActiveCfg = Debug|Any CPU
		{D40E59A6-29AE-41C9-9294-12B6F44CF031}.Debug|Any CPU.Build.0 = Debug|Any CPU
		{D40E59A6-29AE-41C9-9294-12B6F44CF031}.Release|Any CPU.ActiveCfg = Release|Any CPU
		{D40E59A6-29AE-41C9-9294-12B6F44CF031}.Release|Any CPU.Build.0 = Release|Any CPU
		{B9BD24CD-13B4-4E84-B371-FEA6223421E7}.Debug|Any CPU.ActiveCfg = Debug|Any CPU
		{B9BD24CD-13B4-4E84-B371-FEA6223421E7}.Debug|Any CPU.Build.0 = Debug|Any CPU
		{B9BD24CD-13B4-4E84-B371-FEA6223421E7}.Release|Any CPU.ActiveCfg = Release|Any CPU
		{B9BD24CD-13B4-4E84-B371-FEA6223421E7}.Release|Any CPU.Build.0 = Release|Any CPU
		{310CA45E-C277-4B5E-AB52-39D5868D11A0}.Debug|Any CPU.ActiveCfg = Debug|Any CPU
		{310CA45E-C277-4B5E-AB52-39D5868D11A0}.Debug|Any CPU.Build.0 = Debug|Any CPU
		{310CA45E-C277-4B5E-AB52-39D5868D11A0}.Release|Any CPU.ActiveCfg = Release|Any CPU
		{310CA45E-C277-4B5E-AB52-39D5868D11A0}.Release|Any CPU.Build.0 = Release|Any CPU
		{68B41E1E-0FEF-4601-8518-FCDC16DBC45B}.Debug|Any CPU.ActiveCfg = Debug|Any CPU
		{68B41E1E-0FEF-4601-8518-FCDC16DBC45B}.Debug|Any CPU.Build.0 = Debug|Any CPU
		{68B41E1E-0FEF-4601-8518-FCDC16DBC45B}.Release|Any CPU.ActiveCfg = Release|Any CPU
		{68B41E1E-0FEF-4601-8518-FCDC16DBC45B}.Release|Any CPU.Build.0 = Release|Any CPU
		{78C22F04-BD9E-4ECB-BF02-7D78BCF068B5}.Debug|Any CPU.ActiveCfg = Debug|Any CPU
		{78C22F04-BD9E-4ECB-BF02-7D78BCF068B5}.Debug|Any CPU.Build.0 = Debug|Any CPU
		{78C22F04-BD9E-4ECB-BF02-7D78BCF068B5}.Release|Any CPU.ActiveCfg = Release|Any CPU
		{78C22F04-BD9E-4ECB-BF02-7D78BCF068B5}.Release|Any CPU.Build.0 = Release|Any CPU
		{0260BD6C-E829-45A3-AD6D-250B15373FC0}.Debug|Any CPU.ActiveCfg = Debug|Any CPU
		{0260BD6C-E829-45A3-AD6D-250B15373FC0}.Debug|Any CPU.Build.0 = Debug|Any CPU
		{0260BD6C-E829-45A3-AD6D-250B15373FC0}.Release|Any CPU.ActiveCfg = Release|Any CPU
		{0260BD6C-E829-45A3-AD6D-250B15373FC0}.Release|Any CPU.Build.0 = Release|Any CPU
		{B8685FBE-B7E1-4D4E-A51A-96A67FA73944}.Debug|Any CPU.ActiveCfg = Debug|Any CPU
		{B8685FBE-B7E1-4D4E-A51A-96A67FA73944}.Debug|Any CPU.Build.0 = Debug|Any CPU
		{B8685FBE-B7E1-4D4E-A51A-96A67FA73944}.Release|Any CPU.ActiveCfg = Release|Any CPU
		{B8685FBE-B7E1-4D4E-A51A-96A67FA73944}.Release|Any CPU.Build.0 = Release|Any CPU
		{FA40C8E0-EFD9-48D8-8003-358FF51F8DD1}.Debug|Any CPU.ActiveCfg = Debug|Any CPU
		{FA40C8E0-EFD9-48D8-8003-358FF51F8DD1}.Debug|Any CPU.Build.0 = Debug|Any CPU
		{FA40C8E0-EFD9-48D8-8003-358FF51F8DD1}.Release|Any CPU.ActiveCfg = Release|Any CPU
		{FA40C8E0-EFD9-48D8-8003-358FF51F8DD1}.Release|Any CPU.Build.0 = Release|Any CPU
		{6AF004E6-C3B4-40DE-9343-CF0B1964E9BF}.Debug|Any CPU.ActiveCfg = Debug|Any CPU
		{6AF004E6-C3B4-40DE-9343-CF0B1964E9BF}.Debug|Any CPU.Build.0 = Debug|Any CPU
		{6AF004E6-C3B4-40DE-9343-CF0B1964E9BF}.Release|Any CPU.ActiveCfg = Release|Any CPU
		{6AF004E6-C3B4-40DE-9343-CF0B1964E9BF}.Release|Any CPU.Build.0 = Release|Any CPU
		{5306D626-E6DE-4D1E-B623-D4A5B0E3519F}.Debug|Any CPU.ActiveCfg = Debug|Any CPU
		{5306D626-E6DE-4D1E-B623-D4A5B0E3519F}.Debug|Any CPU.Build.0 = Debug|Any CPU
		{5306D626-E6DE-4D1E-B623-D4A5B0E3519F}.Release|Any CPU.ActiveCfg = Release|Any CPU
		{5306D626-E6DE-4D1E-B623-D4A5B0E3519F}.Release|Any CPU.Build.0 = Release|Any CPU
		{C4B774BD-65CD-4B65-A6BF-E9BA34E0112D}.Debug|Any CPU.ActiveCfg = Debug|Any CPU
		{C4B774BD-65CD-4B65-A6BF-E9BA34E0112D}.Debug|Any CPU.Build.0 = Debug|Any CPU
		{C4B774BD-65CD-4B65-A6BF-E9BA34E0112D}.Release|Any CPU.ActiveCfg = Release|Any CPU
		{C4B774BD-65CD-4B65-A6BF-E9BA34E0112D}.Release|Any CPU.Build.0 = Release|Any CPU
		{4A899F2F-BDF5-4807-A521-82314C806D36}.Debug|Any CPU.ActiveCfg = Debug|Any CPU
		{4A899F2F-BDF5-4807-A521-82314C806D36}.Debug|Any CPU.Build.0 = Debug|Any CPU
		{4A899F2F-BDF5-4807-A521-82314C806D36}.Release|Any CPU.ActiveCfg = Release|Any CPU
		{4A899F2F-BDF5-4807-A521-82314C806D36}.Release|Any CPU.Build.0 = Release|Any CPU
		{86EC5575-B332-4715-99F3-391E2C07C3C3}.Debug|Any CPU.ActiveCfg = Debug|Any CPU
		{86EC5575-B332-4715-99F3-391E2C07C3C3}.Debug|Any CPU.Build.0 = Debug|Any CPU
		{86EC5575-B332-4715-99F3-391E2C07C3C3}.Release|Any CPU.ActiveCfg = Release|Any CPU
		{86EC5575-B332-4715-99F3-391E2C07C3C3}.Release|Any CPU.Build.0 = Release|Any CPU
		{33C92CBB-3D51-4914-AFF4-C75615AA16DF}.Debug|Any CPU.ActiveCfg = Debug|Any CPU
		{33C92CBB-3D51-4914-AFF4-C75615AA16DF}.Debug|Any CPU.Build.0 = Debug|Any CPU
		{33C92CBB-3D51-4914-AFF4-C75615AA16DF}.Release|Any CPU.ActiveCfg = Release|Any CPU
		{33C92CBB-3D51-4914-AFF4-C75615AA16DF}.Release|Any CPU.Build.0 = Release|Any CPU
		{8B2E4A79-9722-4A31-9BC9-25065360671A}.Debug|Any CPU.ActiveCfg = Debug|Any CPU
		{8B2E4A79-9722-4A31-9BC9-25065360671A}.Debug|Any CPU.Build.0 = Debug|Any CPU
		{8B2E4A79-9722-4A31-9BC9-25065360671A}.Release|Any CPU.ActiveCfg = Release|Any CPU
		{8B2E4A79-9722-4A31-9BC9-25065360671A}.Release|Any CPU.Build.0 = Release|Any CPU
		{8E3C559A-7FFC-4258-94A7-CEA2899DEB90}.Debug|Any CPU.ActiveCfg = Debug|Any CPU
		{8E3C559A-7FFC-4258-94A7-CEA2899DEB90}.Debug|Any CPU.Build.0 = Debug|Any CPU
		{8E3C559A-7FFC-4258-94A7-CEA2899DEB90}.Release|Any CPU.ActiveCfg = Release|Any CPU
		{8E3C559A-7FFC-4258-94A7-CEA2899DEB90}.Release|Any CPU.Build.0 = Release|Any CPU
		{2F3E3673-2D9D-45F8-946A-9F5DC8CA4756}.Debug|Any CPU.ActiveCfg = Debug|Any CPU
		{2F3E3673-2D9D-45F8-946A-9F5DC8CA4756}.Debug|Any CPU.Build.0 = Debug|Any CPU
		{2F3E3673-2D9D-45F8-946A-9F5DC8CA4756}.Release|Any CPU.ActiveCfg = Release|Any CPU
		{2F3E3673-2D9D-45F8-946A-9F5DC8CA4756}.Release|Any CPU.Build.0 = Release|Any CPU
		{E9E48E5D-C54B-404D-A865-2CAD06666E52}.Debug|Any CPU.ActiveCfg = Debug|Any CPU
		{E9E48E5D-C54B-404D-A865-2CAD06666E52}.Debug|Any CPU.Build.0 = Debug|Any CPU
		{E9E48E5D-C54B-404D-A865-2CAD06666E52}.Release|Any CPU.ActiveCfg = Release|Any CPU
		{E9E48E5D-C54B-404D-A865-2CAD06666E52}.Release|Any CPU.Build.0 = Release|Any CPU
		{E738E966-ECCC-47EE-B11A-8892C7194796}.Debug|Any CPU.ActiveCfg = Debug|Any CPU
		{E738E966-ECCC-47EE-B11A-8892C7194796}.Debug|Any CPU.Build.0 = Debug|Any CPU
		{E738E966-ECCC-47EE-B11A-8892C7194796}.Release|Any CPU.ActiveCfg = Release|Any CPU
		{E738E966-ECCC-47EE-B11A-8892C7194796}.Release|Any CPU.Build.0 = Release|Any CPU
		{F3EB64E3-C1D7-4092-A4B5-C77F5EC4D495}.Debug|Any CPU.ActiveCfg = Debug|Any CPU
		{F3EB64E3-C1D7-4092-A4B5-C77F5EC4D495}.Debug|Any CPU.Build.0 = Debug|Any CPU
		{F3EB64E3-C1D7-4092-A4B5-C77F5EC4D495}.Release|Any CPU.ActiveCfg = Release|Any CPU
		{F3EB64E3-C1D7-4092-A4B5-C77F5EC4D495}.Release|Any CPU.Build.0 = Release|Any CPU
		{C25C93A5-5564-4852-A352-9186749F426F}.Debug|Any CPU.ActiveCfg = Debug|Any CPU
		{C25C93A5-5564-4852-A352-9186749F426F}.Debug|Any CPU.Build.0 = Debug|Any CPU
		{C25C93A5-5564-4852-A352-9186749F426F}.Release|Any CPU.ActiveCfg = Release|Any CPU
		{C25C93A5-5564-4852-A352-9186749F426F}.Release|Any CPU.Build.0 = Release|Any CPU
		{67E814A0-2B89-4DE6-890F-939816B361ED}.Debug|Any CPU.ActiveCfg = Debug|Any CPU
		{67E814A0-2B89-4DE6-890F-939816B361ED}.Debug|Any CPU.Build.0 = Debug|Any CPU
		{67E814A0-2B89-4DE6-890F-939816B361ED}.Release|Any CPU.ActiveCfg = Release|Any CPU
		{67E814A0-2B89-4DE6-890F-939816B361ED}.Release|Any CPU.Build.0 = Release|Any CPU
		{9A76C337-F4EB-49DF-A970-F4EE1CC9BBD0}.Debug|Any CPU.ActiveCfg = Debug|Any CPU
		{9A76C337-F4EB-49DF-A970-F4EE1CC9BBD0}.Debug|Any CPU.Build.0 = Debug|Any CPU
		{9A76C337-F4EB-49DF-A970-F4EE1CC9BBD0}.Release|Any CPU.ActiveCfg = Release|Any CPU
		{9A76C337-F4EB-49DF-A970-F4EE1CC9BBD0}.Release|Any CPU.Build.0 = Release|Any CPU
		{76021AAE-3999-41E5-A53B-D90D4E597490}.Debug|Any CPU.ActiveCfg = Debug|Any CPU
		{76021AAE-3999-41E5-A53B-D90D4E597490}.Debug|Any CPU.Build.0 = Debug|Any CPU
		{76021AAE-3999-41E5-A53B-D90D4E597490}.Release|Any CPU.ActiveCfg = Release|Any CPU
		{76021AAE-3999-41E5-A53B-D90D4E597490}.Release|Any CPU.Build.0 = Release|Any CPU
		{7175DE76-7FBE-4AB3-804D-37A2F790B83B}.Debug|Any CPU.ActiveCfg = Debug|Any CPU
		{7175DE76-7FBE-4AB3-804D-37A2F790B83B}.Debug|Any CPU.Build.0 = Debug|Any CPU
		{7175DE76-7FBE-4AB3-804D-37A2F790B83B}.Release|Any CPU.ActiveCfg = Release|Any CPU
		{7175DE76-7FBE-4AB3-804D-37A2F790B83B}.Release|Any CPU.Build.0 = Release|Any CPU
		{57F3A4F1-4976-4B0E-9C0A-33AF48751EB7}.Debug|Any CPU.ActiveCfg = Debug|Any CPU
		{57F3A4F1-4976-4B0E-9C0A-33AF48751EB7}.Debug|Any CPU.Build.0 = Debug|Any CPU
		{57F3A4F1-4976-4B0E-9C0A-33AF48751EB7}.Release|Any CPU.ActiveCfg = Release|Any CPU
		{57F3A4F1-4976-4B0E-9C0A-33AF48751EB7}.Release|Any CPU.Build.0 = Release|Any CPU
		{C9893B3B-B701-41FC-8F8D-DB2482899FD3}.Debug|Any CPU.ActiveCfg = Debug|Any CPU
		{C9893B3B-B701-41FC-8F8D-DB2482899FD3}.Debug|Any CPU.Build.0 = Debug|Any CPU
		{C9893B3B-B701-41FC-8F8D-DB2482899FD3}.Release|Any CPU.ActiveCfg = Release|Any CPU
		{C9893B3B-B701-41FC-8F8D-DB2482899FD3}.Release|Any CPU.Build.0 = Release|Any CPU
		{B1A9E0DE-94F1-4DAF-9752-8127A8FC1871}.Debug|Any CPU.ActiveCfg = Debug|Any CPU
		{B1A9E0DE-94F1-4DAF-9752-8127A8FC1871}.Debug|Any CPU.Build.0 = Debug|Any CPU
		{B1A9E0DE-94F1-4DAF-9752-8127A8FC1871}.Release|Any CPU.ActiveCfg = Release|Any CPU
		{B1A9E0DE-94F1-4DAF-9752-8127A8FC1871}.Release|Any CPU.Build.0 = Release|Any CPU
		{AE993B97-342B-441D-98E2-60726E205259}.Debug|Any CPU.ActiveCfg = Debug|Any CPU
		{AE993B97-342B-441D-98E2-60726E205259}.Debug|Any CPU.Build.0 = Debug|Any CPU
		{AE993B97-342B-441D-98E2-60726E205259}.Release|Any CPU.ActiveCfg = Release|Any CPU
		{AE993B97-342B-441D-98E2-60726E205259}.Release|Any CPU.Build.0 = Release|Any CPU
		{C3C35BA9-3B2D-4124-8903-4F59D87376F2}.Debug|Any CPU.ActiveCfg = Debug|Any CPU
		{C3C35BA9-3B2D-4124-8903-4F59D87376F2}.Debug|Any CPU.Build.0 = Debug|Any CPU
		{C3C35BA9-3B2D-4124-8903-4F59D87376F2}.Release|Any CPU.ActiveCfg = Release|Any CPU
		{C3C35BA9-3B2D-4124-8903-4F59D87376F2}.Release|Any CPU.Build.0 = Release|Any CPU
		{98ED829F-32E8-4C8B-B0C5-69D1F3746EEF}.Debug|Any CPU.ActiveCfg = Debug|Any CPU
		{98ED829F-32E8-4C8B-B0C5-69D1F3746EEF}.Debug|Any CPU.Build.0 = Debug|Any CPU
		{98ED829F-32E8-4C8B-B0C5-69D1F3746EEF}.Release|Any CPU.ActiveCfg = Release|Any CPU
		{98ED829F-32E8-4C8B-B0C5-69D1F3746EEF}.Release|Any CPU.Build.0 = Release|Any CPU
		{A9B03CBB-F667-47B6-8010-FB0745794FB4}.Debug|Any CPU.ActiveCfg = Debug|Any CPU
		{A9B03CBB-F667-47B6-8010-FB0745794FB4}.Debug|Any CPU.Build.0 = Debug|Any CPU
		{A9B03CBB-F667-47B6-8010-FB0745794FB4}.Release|Any CPU.ActiveCfg = Release|Any CPU
		{A9B03CBB-F667-47B6-8010-FB0745794FB4}.Release|Any CPU.Build.0 = Release|Any CPU
		{34F70591-43C3-43F0-8307-6D224FD09F96}.Debug|Any CPU.ActiveCfg = Debug|Any CPU
		{34F70591-43C3-43F0-8307-6D224FD09F96}.Debug|Any CPU.Build.0 = Debug|Any CPU
		{34F70591-43C3-43F0-8307-6D224FD09F96}.Release|Any CPU.ActiveCfg = Release|Any CPU
		{34F70591-43C3-43F0-8307-6D224FD09F96}.Release|Any CPU.Build.0 = Release|Any CPU
		{BA1DA5A7-DE15-4B2D-8780-039E9D7A445E}.Debug|Any CPU.ActiveCfg = Debug|Any CPU
		{BA1DA5A7-DE15-4B2D-8780-039E9D7A445E}.Debug|Any CPU.Build.0 = Debug|Any CPU
		{BA1DA5A7-DE15-4B2D-8780-039E9D7A445E}.Release|Any CPU.ActiveCfg = Release|Any CPU
		{BA1DA5A7-DE15-4B2D-8780-039E9D7A445E}.Release|Any CPU.Build.0 = Release|Any CPU
		{9CC0A69C-2609-4BAD-BC00-8EDBB0B4476A}.Debug|Any CPU.ActiveCfg = Debug|Any CPU
		{9CC0A69C-2609-4BAD-BC00-8EDBB0B4476A}.Debug|Any CPU.Build.0 = Debug|Any CPU
		{9CC0A69C-2609-4BAD-BC00-8EDBB0B4476A}.Release|Any CPU.ActiveCfg = Release|Any CPU
		{9CC0A69C-2609-4BAD-BC00-8EDBB0B4476A}.Release|Any CPU.Build.0 = Release|Any CPU
		{68160030-C819-4992-A01B-57613CBF0615}.Debug|Any CPU.ActiveCfg = Debug|Any CPU
		{68160030-C819-4992-A01B-57613CBF0615}.Debug|Any CPU.Build.0 = Debug|Any CPU
		{68160030-C819-4992-A01B-57613CBF0615}.Release|Any CPU.ActiveCfg = Release|Any CPU
		{68160030-C819-4992-A01B-57613CBF0615}.Release|Any CPU.Build.0 = Release|Any CPU
		{8AA4A43F-08A7-4488-A1FB-8610B32F29CE}.Debug|Any CPU.ActiveCfg = Debug|Any CPU
		{8AA4A43F-08A7-4488-A1FB-8610B32F29CE}.Debug|Any CPU.Build.0 = Debug|Any CPU
		{8AA4A43F-08A7-4488-A1FB-8610B32F29CE}.Release|Any CPU.ActiveCfg = Release|Any CPU
		{8AA4A43F-08A7-4488-A1FB-8610B32F29CE}.Release|Any CPU.Build.0 = Release|Any CPU
		{C68F70E9-263C-4703-B8DA-872D46E37056}.Debug|Any CPU.ActiveCfg = Debug|Any CPU
		{C68F70E9-263C-4703-B8DA-872D46E37056}.Debug|Any CPU.Build.0 = Debug|Any CPU
		{C68F70E9-263C-4703-B8DA-872D46E37056}.Release|Any CPU.ActiveCfg = Release|Any CPU
		{C68F70E9-263C-4703-B8DA-872D46E37056}.Release|Any CPU.Build.0 = Release|Any CPU
		{47F306D7-34FC-48D1-9DA9-7A20B6475B0F}.Debug|Any CPU.ActiveCfg = Debug|Any CPU
		{47F306D7-34FC-48D1-9DA9-7A20B6475B0F}.Debug|Any CPU.Build.0 = Debug|Any CPU
		{47F306D7-34FC-48D1-9DA9-7A20B6475B0F}.Release|Any CPU.ActiveCfg = Release|Any CPU
		{47F306D7-34FC-48D1-9DA9-7A20B6475B0F}.Release|Any CPU.Build.0 = Release|Any CPU
		{8A791D03-5790-4D50-B6AF-3A77FA832D2E}.Debug|Any CPU.ActiveCfg = Debug|Any CPU
		{8A791D03-5790-4D50-B6AF-3A77FA832D2E}.Debug|Any CPU.Build.0 = Debug|Any CPU
		{8A791D03-5790-4D50-B6AF-3A77FA832D2E}.Release|Any CPU.ActiveCfg = Release|Any CPU
		{8A791D03-5790-4D50-B6AF-3A77FA832D2E}.Release|Any CPU.Build.0 = Release|Any CPU
		{E88E9652-A7E9-4BB0-BA60-A759996DDB95}.Debug|Any CPU.ActiveCfg = Debug|Any CPU
		{E88E9652-A7E9-4BB0-BA60-A759996DDB95}.Debug|Any CPU.Build.0 = Debug|Any CPU
		{E88E9652-A7E9-4BB0-BA60-A759996DDB95}.Release|Any CPU.ActiveCfg = Release|Any CPU
		{E88E9652-A7E9-4BB0-BA60-A759996DDB95}.Release|Any CPU.Build.0 = Release|Any CPU
		{3DD3317F-9544-4C09-A4E8-4C7C2FB48F77}.Debug|Any CPU.ActiveCfg = Debug|Any CPU
		{3DD3317F-9544-4C09-A4E8-4C7C2FB48F77}.Debug|Any CPU.Build.0 = Debug|Any CPU
		{3DD3317F-9544-4C09-A4E8-4C7C2FB48F77}.Release|Any CPU.ActiveCfg = Release|Any CPU
		{3DD3317F-9544-4C09-A4E8-4C7C2FB48F77}.Release|Any CPU.Build.0 = Release|Any CPU
		{618DFB7B-6194-46C6-8549-76852BDEA138}.Debug|Any CPU.ActiveCfg = Debug|Any CPU
		{618DFB7B-6194-46C6-8549-76852BDEA138}.Debug|Any CPU.Build.0 = Debug|Any CPU
		{618DFB7B-6194-46C6-8549-76852BDEA138}.Release|Any CPU.ActiveCfg = Release|Any CPU
		{618DFB7B-6194-46C6-8549-76852BDEA138}.Release|Any CPU.Build.0 = Release|Any CPU
		{DAB9B0CF-8B6C-4493-92FC-00716B2BAB22}.Debug|Any CPU.ActiveCfg = Debug|Any CPU
		{DAB9B0CF-8B6C-4493-92FC-00716B2BAB22}.Debug|Any CPU.Build.0 = Debug|Any CPU
		{DAB9B0CF-8B6C-4493-92FC-00716B2BAB22}.Release|Any CPU.ActiveCfg = Release|Any CPU
		{DAB9B0CF-8B6C-4493-92FC-00716B2BAB22}.Release|Any CPU.Build.0 = Release|Any CPU
		{88643A31-56B4-43F3-AE03-3014D4C6238E}.Debug|Any CPU.ActiveCfg = Debug|Any CPU
		{88643A31-56B4-43F3-AE03-3014D4C6238E}.Debug|Any CPU.Build.0 = Debug|Any CPU
		{88643A31-56B4-43F3-AE03-3014D4C6238E}.Release|Any CPU.ActiveCfg = Release|Any CPU
		{88643A31-56B4-43F3-AE03-3014D4C6238E}.Release|Any CPU.Build.0 = Release|Any CPU
		{B6F81987-C2D9-47FD-B345-D79819118C35}.Debug|Any CPU.ActiveCfg = Debug|Any CPU
		{B6F81987-C2D9-47FD-B345-D79819118C35}.Debug|Any CPU.Build.0 = Debug|Any CPU
		{B6F81987-C2D9-47FD-B345-D79819118C35}.Release|Any CPU.ActiveCfg = Release|Any CPU
		{B6F81987-C2D9-47FD-B345-D79819118C35}.Release|Any CPU.Build.0 = Release|Any CPU
		{A76B8D50-F1FB-4275-B99E-787FAD9BEF27}.Debug|Any CPU.ActiveCfg = Debug|Any CPU
		{A76B8D50-F1FB-4275-B99E-787FAD9BEF27}.Debug|Any CPU.Build.0 = Debug|Any CPU
		{A76B8D50-F1FB-4275-B99E-787FAD9BEF27}.Release|Any CPU.ActiveCfg = Release|Any CPU
		{A76B8D50-F1FB-4275-B99E-787FAD9BEF27}.Release|Any CPU.Build.0 = Release|Any CPU
		{FA4B65EE-B300-4D0A-A2FF-DE8E11F7FD8B}.Debug|Any CPU.ActiveCfg = Debug|Any CPU
		{FA4B65EE-B300-4D0A-A2FF-DE8E11F7FD8B}.Debug|Any CPU.Build.0 = Debug|Any CPU
		{FA4B65EE-B300-4D0A-A2FF-DE8E11F7FD8B}.Release|Any CPU.ActiveCfg = Release|Any CPU
		{FA4B65EE-B300-4D0A-A2FF-DE8E11F7FD8B}.Release|Any CPU.Build.0 = Release|Any CPU
		{6FB2B6B6-6A7C-441C-965E-BF549AD9D91B}.Debug|Any CPU.ActiveCfg = Debug|Any CPU
		{6FB2B6B6-6A7C-441C-965E-BF549AD9D91B}.Debug|Any CPU.Build.0 = Debug|Any CPU
		{6FB2B6B6-6A7C-441C-965E-BF549AD9D91B}.Release|Any CPU.ActiveCfg = Release|Any CPU
		{6FB2B6B6-6A7C-441C-965E-BF549AD9D91B}.Release|Any CPU.Build.0 = Release|Any CPU
		{0612CE5C-1B41-4427-AE43-5E25938A0694}.Debug|Any CPU.ActiveCfg = Debug|Any CPU
		{0612CE5C-1B41-4427-AE43-5E25938A0694}.Debug|Any CPU.Build.0 = Debug|Any CPU
		{0612CE5C-1B41-4427-AE43-5E25938A0694}.Release|Any CPU.ActiveCfg = Release|Any CPU
		{0612CE5C-1B41-4427-AE43-5E25938A0694}.Release|Any CPU.Build.0 = Release|Any CPU
		{DC45029E-01E8-49D5-A89E-57453757E4C1}.Debug|Any CPU.ActiveCfg = Debug|Any CPU
		{DC45029E-01E8-49D5-A89E-57453757E4C1}.Debug|Any CPU.Build.0 = Debug|Any CPU
		{DC45029E-01E8-49D5-A89E-57453757E4C1}.Release|Any CPU.ActiveCfg = Release|Any CPU
		{DC45029E-01E8-49D5-A89E-57453757E4C1}.Release|Any CPU.Build.0 = Release|Any CPU
		{826A69E2-AC4A-4B0E-8BAD-FE774D344406}.Debug|Any CPU.ActiveCfg = Debug|Any CPU
		{826A69E2-AC4A-4B0E-8BAD-FE774D344406}.Debug|Any CPU.Build.0 = Debug|Any CPU
		{826A69E2-AC4A-4B0E-8BAD-FE774D344406}.Release|Any CPU.ActiveCfg = Release|Any CPU
		{826A69E2-AC4A-4B0E-8BAD-FE774D344406}.Release|Any CPU.Build.0 = Release|Any CPU
		{CDCF56FC-7F22-4A0F-8F0E-2DF211118502}.Debug|Any CPU.ActiveCfg = Debug|Any CPU
		{CDCF56FC-7F22-4A0F-8F0E-2DF211118502}.Debug|Any CPU.Build.0 = Debug|Any CPU
		{CDCF56FC-7F22-4A0F-8F0E-2DF211118502}.Release|Any CPU.ActiveCfg = Release|Any CPU
		{CDCF56FC-7F22-4A0F-8F0E-2DF211118502}.Release|Any CPU.Build.0 = Release|Any CPU
		{16B4D79D-BF68-4536-B335-001050E1C391}.Debug|Any CPU.ActiveCfg = Debug|Any CPU
		{16B4D79D-BF68-4536-B335-001050E1C391}.Debug|Any CPU.Build.0 = Debug|Any CPU
		{16B4D79D-BF68-4536-B335-001050E1C391}.Release|Any CPU.ActiveCfg = Release|Any CPU
		{16B4D79D-BF68-4536-B335-001050E1C391}.Release|Any CPU.Build.0 = Release|Any CPU
		{7BA1C023-3A62-4CAB-AB79-B57740599759}.Debug|Any CPU.ActiveCfg = Debug|Any CPU
		{7BA1C023-3A62-4CAB-AB79-B57740599759}.Debug|Any CPU.Build.0 = Debug|Any CPU
		{7BA1C023-3A62-4CAB-AB79-B57740599759}.Release|Any CPU.ActiveCfg = Release|Any CPU
		{7BA1C023-3A62-4CAB-AB79-B57740599759}.Release|Any CPU.Build.0 = Release|Any CPU
		{BAAD89B8-A114-4044-9EB6-0DD4FA0283F8}.Debug|Any CPU.ActiveCfg = Debug|Any CPU
		{BAAD89B8-A114-4044-9EB6-0DD4FA0283F8}.Debug|Any CPU.Build.0 = Debug|Any CPU
		{BAAD89B8-A114-4044-9EB6-0DD4FA0283F8}.Release|Any CPU.ActiveCfg = Release|Any CPU
		{BAAD89B8-A114-4044-9EB6-0DD4FA0283F8}.Release|Any CPU.Build.0 = Release|Any CPU
		{82B23A80-CDDD-4241-9E01-A2F27B5F2B5B}.Debug|Any CPU.ActiveCfg = Debug|Any CPU
		{82B23A80-CDDD-4241-9E01-A2F27B5F2B5B}.Debug|Any CPU.Build.0 = Debug|Any CPU
		{82B23A80-CDDD-4241-9E01-A2F27B5F2B5B}.Release|Any CPU.ActiveCfg = Release|Any CPU
		{82B23A80-CDDD-4241-9E01-A2F27B5F2B5B}.Release|Any CPU.Build.0 = Release|Any CPU
		{D9913E9D-A360-4ABD-AA8D-BC66FD304938}.Debug|Any CPU.ActiveCfg = Debug|Any CPU
		{D9913E9D-A360-4ABD-AA8D-BC66FD304938}.Debug|Any CPU.Build.0 = Debug|Any CPU
		{D9913E9D-A360-4ABD-AA8D-BC66FD304938}.Release|Any CPU.ActiveCfg = Release|Any CPU
		{D9913E9D-A360-4ABD-AA8D-BC66FD304938}.Release|Any CPU.Build.0 = Release|Any CPU
		{9E469EA8-CBB9-44DF-9F17-2449FCE5AC37}.Debug|Any CPU.ActiveCfg = Debug|Any CPU
		{9E469EA8-CBB9-44DF-9F17-2449FCE5AC37}.Debug|Any CPU.Build.0 = Debug|Any CPU
		{9E469EA8-CBB9-44DF-9F17-2449FCE5AC37}.Release|Any CPU.ActiveCfg = Release|Any CPU
		{9E469EA8-CBB9-44DF-9F17-2449FCE5AC37}.Release|Any CPU.Build.0 = Release|Any CPU
		{911590B1-6A5F-4D03-8432-0410F9049DE0}.Debug|Any CPU.ActiveCfg = Debug|Any CPU
		{911590B1-6A5F-4D03-8432-0410F9049DE0}.Debug|Any CPU.Build.0 = Debug|Any CPU
		{911590B1-6A5F-4D03-8432-0410F9049DE0}.Release|Any CPU.ActiveCfg = Release|Any CPU
		{911590B1-6A5F-4D03-8432-0410F9049DE0}.Release|Any CPU.Build.0 = Release|Any CPU
		{95A0D2F8-3B9B-4E73-A877-1A876610452D}.Debug|Any CPU.ActiveCfg = Debug|Any CPU
		{95A0D2F8-3B9B-4E73-A877-1A876610452D}.Debug|Any CPU.Build.0 = Debug|Any CPU
		{95A0D2F8-3B9B-4E73-A877-1A876610452D}.Release|Any CPU.ActiveCfg = Release|Any CPU
		{95A0D2F8-3B9B-4E73-A877-1A876610452D}.Release|Any CPU.Build.0 = Release|Any CPU
	EndGlobalSection
	GlobalSection(SolutionProperties) = preSolution
		HideSolutionNode = FALSE
	EndGlobalSection
	GlobalSection(NestedProjects) = preSolution
		{D40E59A6-29AE-41C9-9294-12B6F44CF031} = {8AF8BC4E-9FD8-43F7-B441-A978854D2DB9}
		{B9BD24CD-13B4-4E84-B371-FEA6223421E7} = {1A66C721-8CE8-4C5E-8CA8-329DD5E36013}
		{310CA45E-C277-4B5E-AB52-39D5868D11A0} = {C2A001A5-B841-4596-B48D-85E7F19BE00C}
		{68B41E1E-0FEF-4601-8518-FCDC16DBC45B} = {B3ABD8B7-1FB0-4D8F-89A5-6415B5C9CCAE}
		{78C22F04-BD9E-4ECB-BF02-7D78BCF068B5} = {D2D7CAD5-872F-427E-B0ED-E3DFD85D85DE}
		{0260BD6C-E829-45A3-AD6D-250B15373FC0} = {C332D98C-1FC8-4ED0-B93C-2CBF213F1BC6}
		{B8685FBE-B7E1-4D4E-A51A-96A67FA73944} = {29606725-7E77-470C-B9F4-5A028B193DDF}
		{FA40C8E0-EFD9-48D8-8003-358FF51F8DD1} = {D5F962C2-6F53-4181-A051-AFC9A795C407}
		{6AF004E6-C3B4-40DE-9343-CF0B1964E9BF} = {ACD95996-087A-4558-94B4-62BE40829780}
		{5306D626-E6DE-4D1E-B623-D4A5B0E3519F} = {DD20BEDC-E393-4FEB-A7D8-21A71D83EF51}
		{C4B774BD-65CD-4B65-A6BF-E9BA34E0112D} = {4ABBE7C9-9DFD-4CE3-A845-EA87158206BD}
		{4A899F2F-BDF5-4807-A521-82314C806D36} = {0F686AE1-6234-4C60-9ED3-3D0C059C6FBA}
		{86EC5575-B332-4715-99F3-391E2C07C3C3} = {8C1EFD4F-361D-42EC-A868-15E1946F698D}
		{33C92CBB-3D51-4914-AFF4-C75615AA16DF} = {A5C8D8FC-7463-4668-9FCB-7766AA78CC0C}
		{8B2E4A79-9722-4A31-9BC9-25065360671A} = {22348FA7-EAA0-4DAA-AFF8-AD8B84C7D0FA}
		{8E3C559A-7FFC-4258-94A7-CEA2899DEB90} = {22348FA7-EAA0-4DAA-AFF8-AD8B84C7D0FA}
		{2F3E3673-2D9D-45F8-946A-9F5DC8CA4756} = {0430FBEA-46F1-419F-8B39-19A0171361EE}
		{E9E48E5D-C54B-404D-A865-2CAD06666E52} = {F182B891-4EE2-4995-A8AF-61F4ABA85E8A}
		{E738E966-ECCC-47EE-B11A-8892C7194796} = {D3D5F53D-6501-43A1-84CE-551565FCB08B}
		{F3EB64E3-C1D7-4092-A4B5-C77F5EC4D495} = {06D0F42E-68D3-49E8-9326-381D5BA3F1B4}
		{C25C93A5-5564-4852-A352-9186749F426F} = {925C5685-86C9-477C-AE82-FBA9C61E7193}
		{67E814A0-2B89-4DE6-890F-939816B361ED} = {3B236E53-0837-4A41-805C-98F0734F450E}
		{9A76C337-F4EB-49DF-A970-F4EE1CC9BBD0} = {4C40C65C-5429-420E-95AB-C873033049C5}
		{76021AAE-3999-41E5-A53B-D90D4E597490} = {AF83DB6D-929D-43FF-AD14-846BB8A23E12}
		{7175DE76-7FBE-4AB3-804D-37A2F790B83B} = {CB756FA3-EB2E-48C3-BC36-DDA7F786B71F}
		{57F3A4F1-4976-4B0E-9C0A-33AF48751EB7} = {12BF55FF-3A2F-4CAE-82DF-7B3E9BCA42AC}
		{C9893B3B-B701-41FC-8F8D-DB2482899FD3} = {F33B5E27-9541-4C4B-80F7-AF4EDC96C28A}
		{B1A9E0DE-94F1-4DAF-9752-8127A8FC1871} = {B75862E5-5F3C-4D54-AEE3-5093F05E4E8C}
		{AE993B97-342B-441D-98E2-60726E205259} = {A5FE4F0C-4C6E-422B-840C-43DE3DDC6359}
		{C3C35BA9-3B2D-4124-8903-4F59D87376F2} = {EBA05A98-CB1C-411A-B19E-96EACCA7BB91}
		{98ED829F-32E8-4C8B-B0C5-69D1F3746EEF} = {81EFBBFD-E0D6-4807-B37F-D9249FAD5CC1}
		{A9B03CBB-F667-47B6-8010-FB0745794FB4} = {C9E661DE-D0BE-425F-999F-9043176F2491}
		{34F70591-43C3-43F0-8307-6D224FD09F96} = {18005998-CB11-433F-9963-EC1D0A75AC14}
		{BA1DA5A7-DE15-4B2D-8780-039E9D7A445E} = {FCE3A899-8DBA-4806-80DD-4C477CE10F7A}
		{9CC0A69C-2609-4BAD-BC00-8EDBB0B4476A} = {844EAC2D-14A3-49E2-8C7A-62D7E0323199}
		{68160030-C819-4992-A01B-57613CBF0615} = {0A4E5167-DFF2-4C61-BC70-69A1A7AE1E99}
		{8AA4A43F-08A7-4488-A1FB-8610B32F29CE} = {1E340D18-7917-4CF7-8F7E-B2C8D87F6510}
		{C68F70E9-263C-4703-B8DA-872D46E37056} = {02EA681E-C7D8-13C7-8484-4AC65E1B71E8}
		{47F306D7-34FC-48D1-9DA9-7A20B6475B0F} = {1859B388-A863-448C-BFCF-E01011402705}
		{8A791D03-5790-4D50-B6AF-3A77FA832D2E} = {A5C77087-621A-4758-B0FE-A0BFEAE8B294}
		{E88E9652-A7E9-4BB0-BA60-A759996DDB95} = {7F9D2CB2-394B-4F31-9F14-BA4D5D76A66E}
		{3DD3317F-9544-4C09-A4E8-4C7C2FB48F77} = {884B73A2-2718-400C-AE77-6CBF38338927}
		{618DFB7B-6194-46C6-8549-76852BDEA138} = {7FB62C7C-F421-4863-A8FE-534D6FD7EB17}
		{DAB9B0CF-8B6C-4493-92FC-00716B2BAB22} = {EB0D6878-623E-4947-9E57-D739D839CB24}
		{88643A31-56B4-43F3-AE03-3014D4C6238E} = {1D7B71C2-E6E3-4346-B83B-98D1AF5675BD}
		{B6F81987-C2D9-47FD-B345-D79819118C35} = {26B477F9-4D34-43AA-9589-1118DA40F0AF}
		{A76B8D50-F1FB-4275-B99E-787FAD9BEF27} = {218AD571-064D-4486-8024-F42FB7C81A6F}
		{FA4B65EE-B300-4D0A-A2FF-DE8E11F7FD8B} = {3A0271D3-EE7D-4709-8C95-9CE02E35A2FE}
		{6FB2B6B6-6A7C-441C-965E-BF549AD9D91B} = {CD8F811A-21EC-41C4-B429-A214EC92BCA5}
		{0612CE5C-1B41-4427-AE43-5E25938A0694} = {FFA841D0-A0CB-455E-890B-3630754C618B}
		{DC45029E-01E8-49D5-A89E-57453757E4C1} = {06A03A01-AAE1-4B3D-A474-5BCF22B6F737}
		{826A69E2-AC4A-4B0E-8BAD-FE774D344406} = {C7AE7417-E722-41FD-B70A-BF3FBA1F9716}
		{CDCF56FC-7F22-4A0F-8F0E-2DF211118502} = {DC7496A3-85F8-4A20-A174-B9A5CB4C1A64}
		{16B4D79D-BF68-4536-B335-001050E1C391} = {D07986F8-C971-4823-8FD7-7A9594659CF0}
		{7BA1C023-3A62-4CAB-AB79-B57740599759} = {EB60A069-2A59-4CCC-8DE0-D1469ECF7846}
		{BAAD89B8-A114-4044-9EB6-0DD4FA0283F8} = {F51CC8B6-D109-4A5E-9892-E4823B91D07D}
		{82B23A80-CDDD-4241-9E01-A2F27B5F2B5B} = {9FCA8E3D-8EBD-43CA-AED5-C55C258759A1}
		{D9913E9D-A360-4ABD-AA8D-BC66FD304938} = {7F5A02CD-A949-48C4-9F86-8508C267EB4F}
		{9E469EA8-CBB9-44DF-9F17-2449FCE5AC37} = {4975B02C-0919-40AE-A3C9-422D65E32555}
		{911590B1-6A5F-4D03-8432-0410F9049DE0} = {45651C35-4B6A-4DEF-B740-67610093A0BF}
		{95A0D2F8-3B9B-4E73-A877-1A876610452D} = {5926A610-A2C5-43B0-A37D-8C78C328758F}
	EndGlobalSection
	GlobalSection(ExtensibilityGlobals) = postSolution
		SolutionGuid = {EFC10629-8F16-47F7-82C5-14523571D740}
	EndGlobalSection
EndGlobal
